
Microsoft Visual Studio Solution File, Format Version 12.00
# Visual Studio 15
VisualStudioVersion = 15.0.26730.16
MinimumVisualStudioVersion = 10.0.40219.1
Project("{FAE04EC0-301F-11D3-BF4B-00C04F79EFBC}") = "EvenNumbersThread", "EvenNumbersThread\EvenNumbersThread.csproj", "{E757C7C2-A6BD-4540-961D-CC071EF57F2E}"
EndProject
Project("{FAE04EC0-301F-11D3-BF4B-00C04F79EFBC}") = "SliceFile", "SliceFile\SliceFile.csproj", "{C994D573-121F-4DC0-8234-EE0C1BACEFFE}"
EndProject
Project("{FAE04EC0-301F-11D3-BF4B-00C04F79EFBC}") = "SimpleWebServer", "SimpleWebServer\SimpleWebServer.csproj", "{E5B18554-5BB7-4F1D-B09E-067E59F9CD4E}"
EndProject
Global
	GlobalSection(SolutionConfigurationPlatforms) = preSolution
		Debug|Any CPU = Debug|Any CPU
		Release|Any CPU = Release|Any CPU
	EndGlobalSection
	GlobalSection(ProjectConfigurationPlatforms) = postSolution
		{E757C7C2-A6BD-4540-961D-CC071EF57F2E}.Debug|Any CPU.ActiveCfg = Debug|Any CPU
		{E757C7C2-A6BD-4540-961D-CC071EF57F2E}.Debug|Any CPU.Build.0 = Debug|Any CPU
		{E757C7C2-A6BD-4540-961D-CC071EF57F2E}.Release|Any CPU.ActiveCfg = Release|Any CPU
		{E757C7C2-A6BD-4540-961D-CC071EF57F2E}.Release|Any CPU.Build.0 = Release|Any CPU
		{C994D573-121F-4DC0-8234-EE0C1BACEFFE}.Debug|Any CPU.ActiveCfg = Debug|Any CPU
		{C994D573-121F-4DC0-8234-EE0C1BACEFFE}.Debug|Any CPU.Build.0 = Debug|Any CPU
		{C994D573-121F-4DC0-8234-EE0C1BACEFFE}.Release|Any CPU.ActiveCfg = Release|Any CPU
		{C994D573-121F-4DC0-8234-EE0C1BACEFFE}.Release|Any CPU.Build.0 = Release|Any CPU
		{E5B18554-5BB7-4F1D-B09E-067E59F9CD4E}.Debug|Any CPU.ActiveCfg = Debug|Any CPU
		{E5B18554-5BB7-4F1D-B09E-067E59F9CD4E}.Debug|Any CPU.Build.0 = Debug|Any CPU
		{E5B18554-5BB7-4F1D-B09E-067E59F9CD4E}.Release|Any CPU.ActiveCfg = Release|Any CPU
		{E5B18554-5BB7-4F1D-B09E-067E59F9CD4E}.Release|Any CPU.Build.0 = Release|Any CPU
	EndGlobalSection
	GlobalSection(SolutionProperties) = preSolution
		HideSolutionNode = FALSE
	EndGlobalSection
	GlobalSection(ExtensibilityGlobals) = postSolution
		SolutionGuid = {1466C8A5-0AC7-475C-82E2-D0AA84C1C76B}
	EndGlobalSection
EndGlobal
