
Microsoft Visual Studio Solution File, Format Version 12.00
# Visual Studio 15
VisualStudioVersion = 15.0.26730.16
MinimumVisualStudioVersion = 10.0.40219.1
Project("{FAE04EC0-301F-11D3-BF4B-00C04F79EFBC}") = "StudentSystem", "StudentSystem\StudentSystem.csproj", "{77AC5DED-460A-4C87-93A1-EBB88A0F4906}"
EndProject
Project("{FAE04EC0-301F-11D3-BF4B-00C04F79EFBC}") = "StudentSystem.Models", "StudentSystem.Models\StudentSystem.Models.csproj", "{0CE5C59A-559F-4249-86EF-7EED53061425}"
EndProject
Project("{FAE04EC0-301F-11D3-BF4B-00C04F79EFBC}") = "StudentSystem.Data", "StudentSystem.Data\StudentSystem.Data.csproj", "{408B682B-30E2-4B4B-8EDD-9BF534DDD6E3}"
EndProject
Global
	GlobalSection(SolutionConfigurationPlatforms) = preSolution
		Debug|Any CPU = Debug|Any CPU
		Release|Any CPU = Release|Any CPU
	EndGlobalSection
	GlobalSection(ProjectConfigurationPlatforms) = postSolution
		{77AC5DED-460A-4C87-93A1-EBB88A0F4906}.Debug|Any CPU.ActiveCfg = Debug|Any CPU
		{77AC5DED-460A-4C87-93A1-EBB88A0F4906}.Debug|Any CPU.Build.0 = Debug|Any CPU
		{77AC5DED-460A-4C87-93A1-EBB88A0F4906}.Release|Any CPU.ActiveCfg = Release|Any CPU
		{77AC5DED-460A-4C87-93A1-EBB88A0F4906}.Release|Any CPU.Build.0 = Release|Any CPU
		{0CE5C59A-559F-4249-86EF-7EED53061425}.Debug|Any CPU.ActiveCfg = Debug|Any CPU
		{0CE5C59A-559F-4249-86EF-7EED53061425}.Debug|Any CPU.Build.0 = Debug|Any CPU
		{0CE5C59A-559F-4249-86EF-7EED53061425}.Release|Any CPU.ActiveCfg = Release|Any CPU
		{0CE5C59A-559F-4249-86EF-7EED53061425}.Release|Any CPU.Build.0 = Release|Any CPU
		{408B682B-30E2-4B4B-8EDD-9BF534DDD6E3}.Debug|Any CPU.ActiveCfg = Debug|Any CPU
		{408B682B-30E2-4B4B-8EDD-9BF534DDD6E3}.Debug|Any CPU.Build.0 = Debug|Any CPU
		{408B682B-30E2-4B4B-8EDD-9BF534DDD6E3}.Release|Any CPU.ActiveCfg = Release|Any CPU
		{408B682B-30E2-4B4B-8EDD-9BF534DDD6E3}.Release|Any CPU.Build.0 = Release|Any CPU
	EndGlobalSection
	GlobalSection(SolutionProperties) = preSolution
		HideSolutionNode = FALSE
	EndGlobalSection
	GlobalSection(ExtensibilityGlobals) = postSolution
		SolutionGuid = {D8D609E6-2C39-4429-BE4E-E1841C2F8D2D}
	EndGlobalSection
EndGlobal
